(lockfile
  (version 2)
  (root-checksum
    "08374eed9814b2120a4a93d8a728c8db9cf75fd0cd032d4360bdfb056fc786f9")
  (git (name args)
       (url "https://github.com/playx18/scm-args")
       (rev #f)
       (checksum
         "7c11d164c5e07a555802ee62bb4571100465517a")
       (subpath "src/")
       (source
         "args-7c11d164c5e07a555802ee62bb4571100465517a")))

