(lockfile
  (version 2)
  (root-checksum
    "d17c82d9aa830d1414cbf621891ff92de553ca1fb0386297b00a1bce49db41e2")
  (oci (name (args))
       (raw? #f)
       (url "ghcr.io/playx18/args")
       (rev "0.1.1")
       (checksum
         "6d7c4318d780a6c96dbede0ff746a7b1fa36eaf981c9fd9379027187251f807d")
       (subpath #f)
       (source
         "args-6d7c4318d780a6c96dbede0ff746a7b1fa36eaf981c9fd9379027187251f807d")))

